
Microsoft Visual Studio Solution File, Format Version 12.00
# Visual Studio Version 18
VisualStudioVersion = 18.6.11806.211 stable
MinimumVisualStudioVersion = 10.0.40219.1
Project("{FAE04EC0-301F-11D3-BF4B-00C04F79EFBC}") = "Teste", "Teste.csproj", "{519BB74F-9689-46A7-9569-59640D9779CC}"
EndProject
Global
	GlobalSection(SolutionConfigurationPlatforms) = preSolution
		Debug|Any CPU = Debug|Any CPU
		ExportDebug|Any CPU = ExportDebug|Any CPU
		ExportRelease|Any CPU = ExportRelease|Any CPU
	EndGlobalSection
	GlobalSection(ProjectConfigurationPlatforms) = postSolution
		{519BB74F-9689-46A7-9569-59640D9779CC}.Debug|Any CPU.ActiveCfg = Debug|Any CPU
		{519BB74F-9689-46A7-9569-59640D9779CC}.Debug|Any CPU.Build.0 = Debug|Any CPU
		{519BB74F-9689-46A7-9569-59640D9779CC}.ExportDebug|Any CPU.ActiveCfg = ExportDebug|Any CPU
		{519BB74F-9689-46A7-9569-59640D9779CC}.ExportDebug|Any CPU.Build.0 = ExportDebug|Any CPU
		{519BB74F-9689-46A7-9569-59640D9779CC}.ExportRelease|Any CPU.ActiveCfg = ExportRelease|Any CPU
		{519BB74F-9689-46A7-9569-59640D9779CC}.ExportRelease|Any CPU.Build.0 = ExportRelease|Any CPU
	EndGlobalSection
	GlobalSection(SolutionProperties) = preSolution
		HideSolutionNode = FALSE
	EndGlobalSection
	GlobalSection(ExtensibilityGlobals) = postSolution
		SolutionGuid = {B6932A15-94A6-4A33-A05F-8951BF23EF10}
	EndGlobalSection
EndGlobal
